
Microsoft Visual Studio Solution File, Format Version 12.00
# Visual Studio 14
VisualStudioVersion = 14.0.22823.1
MinimumVisualStudioVersion = 10.0.40219.1
Project("{8BC9CEB8-8B4A-11D0-8D11-00A0C91BC942}") = "mcrender", "mcrender.vcxproj", "{DC824FA4-BC67-4D37-9F0A-E00CCA593AC6}"
EndProject
Project("{2150E333-8FDC-42A3-9474-1A3956D46DE8}") = "Solution Items", "Solution Items", "{ABC32581-D534-40D9-B1B4-FE6F2A0243EB}"
EndProject
Global
	GlobalSection(SolutionConfigurationPlatforms) = preSolution
		Debug|Win32 = Debug|Win32
		Release|Win32 = Release|Win32
	EndGlobalSection
	GlobalSection(ProjectConfigurationPlatforms) = postSolution
		{DC824FA4-BC67-4D37-9F0A-E00CCA593AC6}.Debug|Win32.ActiveCfg = Debug|Win32
		{DC824FA4-BC67-4D37-9F0A-E00CCA593AC6}.Debug|Win32.Build.0 = Debug|Win32
		{DC824FA4-BC67-4D37-9F0A-E00CCA593AC6}.Release|Win32.ActiveCfg = Release|Win32
		{DC824FA4-BC67-4D37-9F0A-E00CCA593AC6}.Release|Win32.Build.0 = Release|Win32
	EndGlobalSection
	GlobalSection(SolutionProperties) = preSolution
		HideSolutionNode = FALSE
	EndGlobalSection
EndGlobal
